
Microsoft Visual Studio Solution File, Format Version 12.00
# Visual Studio Version 16
VisualStudioVersion = 16.0.29709.97
MinimumVisualStudioVersion = 10.0.40219.1
Project("{FAE04EC0-301F-11D3-BF4B-00C04F79EFBC}") = "McRADIUS", "McRADIUS\McRADIUS.csproj", "{57EC5282-1CD9-455D-B9DA-46AF2F6F6734}"
EndProject
Global
	GlobalSection(SolutionConfigurationPlatforms) = preSolution
		Debug|Any CPU = Debug|Any CPU
		Release|Any CPU = Release|Any CPU
	EndGlobalSection
	GlobalSection(ProjectConfigurationPlatforms) = postSolution
		{57EC5282-1CD9-455D-B9DA-46AF2F6F6734}.Debug|Any CPU.ActiveCfg = Debug|Any CPU
		{57EC5282-1CD9-455D-B9DA-46AF2F6F6734}.Debug|Any CPU.Build.0 = Debug|Any CPU
		{57EC5282-1CD9-455D-B9DA-46AF2F6F6734}.Release|Any CPU.ActiveCfg = Release|Any CPU
		{57EC5282-1CD9-455D-B9DA-46AF2F6F6734}.Release|Any CPU.Build.0 = Release|Any CPU
	EndGlobalSection
	GlobalSection(SolutionProperties) = preSolution
		HideSolutionNode = FALSE
	EndGlobalSection
	GlobalSection(ExtensibilityGlobals) = postSolution
		SolutionGuid = {8AA5457C-AFFE-49EA-A855-A9F89AE15B15}
	EndGlobalSection
EndGlobal
