
Microsoft Visual Studio Solution File, Format Version 12.00
# Visual Studio Version 16
VisualStudioVersion = 16.0.29709.97
MinimumVisualStudioVersion = 10.0.40219.1
Project("{2150E333-8FDC-42A3-9474-1A3956D46DE8}") = "Solution Items", "Solution Items", "{D98956DC-C88B-4D25-8EDA-CF05F5ABE529}"
	ProjectSection(SolutionItems) = preProject
		README.md = README.md
	EndProjectSection
EndProject
Project("{9A19103F-16F7-4668-BE54-9A1E7A4F7556}") = "McRADIUS_Server", "McRADIUS_Server\McRADIUS_Server.csproj", "{061D7948-35EB-428C-B6E2-8AAC93622F41}"
EndProject
Project("{FAE04EC0-301F-11D3-BF4B-00C04F79EFBC}") = "McRADIUS", "McRADIUS\McRADIUS.csproj", "{5EC8A0C5-8762-42B0-95CA-FE45E201E44B}"
EndProject
Global
	GlobalSection(SolutionConfigurationPlatforms) = preSolution
		Debug|Any CPU = Debug|Any CPU
		Release|Any CPU = Release|Any CPU
	EndGlobalSection
	GlobalSection(ProjectConfigurationPlatforms) = postSolution
		{061D7948-35EB-428C-B6E2-8AAC93622F41}.Debug|Any CPU.ActiveCfg = Debug|Any CPU
		{061D7948-35EB-428C-B6E2-8AAC93622F41}.Debug|Any CPU.Build.0 = Debug|Any CPU
		{061D7948-35EB-428C-B6E2-8AAC93622F41}.Release|Any CPU.ActiveCfg = Release|Any CPU
		{061D7948-35EB-428C-B6E2-8AAC93622F41}.Release|Any CPU.Build.0 = Release|Any CPU
		{5EC8A0C5-8762-42B0-95CA-FE45E201E44B}.Debug|Any CPU.ActiveCfg = Debug|Any CPU
		{5EC8A0C5-8762-42B0-95CA-FE45E201E44B}.Debug|Any CPU.Build.0 = Debug|Any CPU
		{5EC8A0C5-8762-42B0-95CA-FE45E201E44B}.Release|Any CPU.ActiveCfg = Release|Any CPU
		{5EC8A0C5-8762-42B0-95CA-FE45E201E44B}.Release|Any CPU.Build.0 = Release|Any CPU
	EndGlobalSection
	GlobalSection(SolutionProperties) = preSolution
		HideSolutionNode = FALSE
	EndGlobalSection
	GlobalSection(ExtensibilityGlobals) = postSolution
		SolutionGuid = {8AA5457C-AFFE-49EA-A855-A9F89AE15B15}
	EndGlobalSection
EndGlobal
